{
  "name": "@freetwai/freedom-project-template",
  "version": "0.1.0-preview",
  "lockfileVersion": 3,
  "requires": true,
  "packages": {
    "": {
      "name": "@freetwai/freedom-project-template",
      "version": "0.1.0-preview",
      "engines": {
        "node": ">=24 <25"
      }
    }
  }
}
